// !$*UTF8*$!
{
	archiveVersion = 1;
	classes = {
	};
	objectVersion = 46;
	objects = {

/* Begin PBXBuildFile section */
		63971E221C4B46A700E3786E /* AppDelegate.swift in Sources */ = {isa = PBXBuildFile; fileRef = 63971E211C4B46A700E3786E /* AppDelegate.swift */; };
		63971E261C4B46A700E3786E /* GameViewController.swift in Sources */ = {isa = PBXBuildFile; fileRef = 63971E251C4B46A700E3786E /* GameViewController.swift */; };
		63971E291C4B46A700E3786E /* Main.storyboard in Resources */ = {isa = PBXBuildFile; fileRef = 63971E271C4B46A700E3786E /* Main.storyboard */; };
		63971E2E1C4B46A700E3786E /* LaunchScreen.storyboard in Resources */ = {isa = PBXBuildFile; fileRef = 63971E2C1C4B46A700E3786E /* LaunchScreen.storyboard */; };
		63971E3C1C4B4B6200E3786E /* Resources in Resources */ = {isa = PBXBuildFile; fileRef = 63971E3B1C4B4B6200E3786E /* Resources */; };
		63971E421C4B561C00E3786E /* ImageSelectBox.swift in Sources */ = {isa = PBXBuildFile; fileRef = 63971E401C4B561C00E3786E /* ImageSelectBox.swift */; };
		63971E431C4B561C00E3786E /* Keyboard.swift in Sources */ = {isa = PBXBuildFile; fileRef = 63971E411C4B561C00E3786E /* Keyboard.swift */; };
		63971E451C4B635100E3786E /* Key.swift in Sources */ = {isa = PBXBuildFile; fileRef = 63971E441C4B635100E3786E /* Key.swift */; };
		63971E561C51F6EE00E3786E /* CGFloat+Extensions.swift in Sources */ = {isa = PBXBuildFile; fileRef = 63971E471C51F6EE00E3786E /* CGFloat+Extensions.swift */; };
		63971E571C51F6EE00E3786E /* CGPoint+Extensions.swift in Sources */ = {isa = PBXBuildFile; fileRef = 63971E481C51F6EE00E3786E /* CGPoint+Extensions.swift */; };
		63971E581C51F6EE00E3786E /* CGVector+Extensions.swift in Sources */ = {isa = PBXBuildFile; fileRef = 63971E491C51F6EE00E3786E /* CGVector+Extensions.swift */; };
		63971E591C51F6EE00E3786E /* Int+Extensions.swift in Sources */ = {isa = PBXBuildFile; fileRef = 63971E4A1C51F6EE00E3786E /* Int+Extensions.swift */; };
		63971E5A1C51F6EE00E3786E /* Reachability.swift in Sources */ = {isa = PBXBuildFile; fileRef = 63971E4B1C51F6EE00E3786E /* Reachability.swift */; };
		63971E5B1C51F6EE00E3786E /* SKAction+Extensions.swift in Sources */ = {isa = PBXBuildFile; fileRef = 63971E4C1C51F6EE00E3786E /* SKAction+Extensions.swift */; };
		63971E5C1C51F6EE00E3786E /* SKAction+SpecialEffects.swift in Sources */ = {isa = PBXBuildFile; fileRef = 63971E4D1C51F6EE00E3786E /* SKAction+SpecialEffects.swift */; };
		63971E5D1C51F6EE00E3786E /* SKColor+Extensions.swift in Sources */ = {isa = PBXBuildFile; fileRef = 63971E4E1C51F6EE00E3786E /* SKColor+Extensions.swift */; };
		63971E5E1C51F6EE00E3786E /* SKEmitterNode+Extensions.swift in Sources */ = {isa = PBXBuildFile; fileRef = 63971E4F1C51F6EE00E3786E /* SKEmitterNode+Extensions.swift */; };
		63971E5F1C51F6EE00E3786E /* SKNode+Extensions.swift in Sources */ = {isa = PBXBuildFile; fileRef = 63971E501C51F6EE00E3786E /* SKNode+Extensions.swift */; };
		63971E601C51F6EE00E3786E /* SKSpriteNode+Extensions.swift in Sources */ = {isa = PBXBuildFile; fileRef = 63971E511C51F6EE00E3786E /* SKSpriteNode+Extensions.swift */; };
		63971E611C51F6EE00E3786E /* SKTAudio.swift in Sources */ = {isa = PBXBuildFile; fileRef = 63971E521C51F6EE00E3786E /* SKTAudio.swift */; };
		63971E621C51F6EE00E3786E /* SKTEffects.swift in Sources */ = {isa = PBXBuildFile; fileRef = 63971E531C51F6EE00E3786E /* SKTEffects.swift */; };
		63971E631C51F6EE00E3786E /* SKTTimingFunctions.swift in Sources */ = {isa = PBXBuildFile; fileRef = 63971E541C51F6EE00E3786E /* SKTTimingFunctions.swift */; };
		63971E641C51F6EE00E3786E /* Vector3.swift in Sources */ = {isa = PBXBuildFile; fileRef = 63971E551C51F6EE00E3786E /* Vector3.swift */; };
		63971E661C51FA4100E3786E /* Utility.swift in Sources */ = {isa = PBXBuildFile; fileRef = 63971E651C51FA4100E3786E /* Utility.swift */; };
		63971E681C51FCEC00E3786E /* TextInputBox.swift in Sources */ = {isa = PBXBuildFile; fileRef = 63971E671C51FCEC00E3786E /* TextInputBox.swift */; };
		63971E6A1C5AD11400E3786E /* GameScene.swift in Sources */ = {isa = PBXBuildFile; fileRef = 63971E691C5AD11400E3786E /* GameScene.swift */; };
/* End PBXBuildFile section */

/* Begin PBXFileReference section */
		63971E1E1C4B46A700E3786E /* InterfaceControls.app */ = {isa = PBXFileReference; explicitFileType = wrapper.application; includeInIndex = 0; path = InterfaceControls.app; sourceTree = BUILT_PRODUCTS_DIR; };
		63971E211C4B46A700E3786E /* AppDelegate.swift */ = {isa = PBXFileReference; lastKnownFileType = sourcecode.swift; path = AppDelegate.swift; sourceTree = "<group>"; };
		63971E251C4B46A700E3786E /* GameViewController.swift */ = {isa = PBXFileReference; lastKnownFileType = sourcecode.swift; path = GameViewController.swift; sourceTree = "<group>"; };
		63971E281C4B46A700E3786E /* Base */ = {isa = PBXFileReference; lastKnownFileType = file.storyboard; name = Base; path = Base.lproj/Main.storyboard; sourceTree = "<group>"; };
		63971E2D1C4B46A700E3786E /* Base */ = {isa = PBXFileReference; lastKnownFileType = file.storyboard; name = Base; path = Base.lproj/LaunchScreen.storyboard; sourceTree = "<group>"; };
		63971E2F1C4B46A700E3786E /* Info.plist */ = {isa = PBXFileReference; lastKnownFileType = text.plist.xml; path = Info.plist; sourceTree = "<group>"; };
		63971E3B1C4B4B6200E3786E /* Resources */ = {isa = PBXFileReference; lastKnownFileType = folder; path = Resources; sourceTree = "<group>"; };
		63971E401C4B561C00E3786E /* ImageSelectBox.swift */ = {isa = PBXFileReference; fileEncoding = 4; lastKnownFileType = sourcecode.swift; path = ImageSelectBox.swift; sourceTree = "<group>"; };
		63971E411C4B561C00E3786E /* Keyboard.swift */ = {isa = PBXFileReference; fileEncoding = 4; lastKnownFileType = sourcecode.swift; path = Keyboard.swift; sourceTree = "<group>"; };
		63971E441C4B635100E3786E /* Key.swift */ = {isa = PBXFileReference; fileEncoding = 4; lastKnownFileType = sourcecode.swift; path = Key.swift; sourceTree = "<group>"; };
		63971E471C51F6EE00E3786E /* CGFloat+Extensions.swift */ = {isa = PBXFileReference; fileEncoding = 4; lastKnownFileType = sourcecode.swift; path = "CGFloat+Extensions.swift"; sourceTree = "<group>"; };
		63971E481C51F6EE00E3786E /* CGPoint+Extensions.swift */ = {isa = PBXFileReference; fileEncoding = 4; lastKnownFileType = sourcecode.swift; path = "CGPoint+Extensions.swift"; sourceTree = "<group>"; };
		63971E491C51F6EE00E3786E /* CGVector+Extensions.swift */ = {isa = PBXFileReference; fileEncoding = 4; lastKnownFileType = sourcecode.swift; path = "CGVector+Extensions.swift"; sourceTree = "<group>"; };
		63971E4A1C51F6EE00E3786E /* Int+Extensions.swift */ = {isa = PBXFileReference; fileEncoding = 4; lastKnownFileType = sourcecode.swift; path = "Int+Extensions.swift"; sourceTree = "<group>"; };
		63971E4B1C51F6EE00E3786E /* Reachability.swift */ = {isa = PBXFileReference; fileEncoding = 4; lastKnownFileType = sourcecode.swift; path = Reachability.swift; sourceTree = "<group>"; };
		63971E4C1C51F6EE00E3786E /* SKAction+Extensions.swift */ = {isa = PBXFileReference; fileEncoding = 4; lastKnownFileType = sourcecode.swift; path = "SKAction+Extensions.swift"; sourceTree = "<group>"; };
		63971E4D1C51F6EE00E3786E /* SKAction+SpecialEffects.swift */ = {isa = PBXFileReference; fileEncoding = 4; lastKnownFileType = sourcecode.swift; path = "SKAction+SpecialEffects.swift"; sourceTree = "<group>"; };
		63971E4E1C51F6EE00E3786E /* SKColor+Extensions.swift */ = {isa = PBXFileReference; fileEncoding = 4; lastKnownFileType = sourcecode.swift; path = "SKColor+Extensions.swift"; sourceTree = "<group>"; };
		63971E4F1C51F6EE00E3786E /* SKEmitterNode+Extensions.swift */ = {isa = PBXFileReference; fileEncoding = 4; lastKnownFileType = sourcecode.swift; path = "SKEmitterNode+Extensions.swift"; sourceTree = "<group>"; };
		63971E501C51F6EE00E3786E /* SKNode+Extensions.swift */ = {isa = PBXFileReference; fileEncoding = 4; lastKnownFileType = sourcecode.swift; path = "SKNode+Extensions.swift"; sourceTree = "<group>"; };
		63971E511C51F6EE00E3786E /* SKSpriteNode+Extensions.swift */ = {isa = PBXFileReference; fileEncoding = 4; lastKnownFileType = sourcecode.swift; path = "SKSpriteNode+Extensions.swift"; sourceTree = "<group>"; };
		63971E521C51F6EE00E3786E /* SKTAudio.swift */ = {isa = PBXFileReference; fileEncoding = 4; lastKnownFileType = sourcecode.swift; path = SKTAudio.swift; sourceTree = "<group>"; };
		63971E531C51F6EE00E3786E /* SKTEffects.swift */ = {isa = PBXFileReference; fileEncoding = 4; lastKnownFileType = sourcecode.swift; path = SKTEffects.swift; sourceTree = "<group>"; };
		63971E541C51F6EE00E3786E /* SKTTimingFunctions.swift */ = {isa = PBXFileReference; fileEncoding = 4; lastKnownFileType = sourcecode.swift; path = SKTTimingFunctions.swift; sourceTree = "<group>"; };
		63971E551C51F6EE00E3786E /* Vector3.swift */ = {isa = PBXFileReference; fileEncoding = 4; lastKnownFileType = sourcecode.swift; path = Vector3.swift; sourceTree = "<group>"; };
		63971E651C51FA4100E3786E /* Utility.swift */ = {isa = PBXFileReference; fileEncoding = 4; lastKnownFileType = sourcecode.swift; path = Utility.swift; sourceTree = "<group>"; };
		63971E671C51FCEC00E3786E /* TextInputBox.swift */ = {isa = PBXFileReference; fileEncoding = 4; lastKnownFileType = sourcecode.swift; path = TextInputBox.swift; sourceTree = "<group>"; };
		63971E691C5AD11400E3786E /* GameScene.swift */ = {isa = PBXFileReference; fileEncoding = 4; lastKnownFileType = sourcecode.swift; path = GameScene.swift; sourceTree = "<group>"; };
/* End PBXFileReference section */

/* Begin PBXFrameworksBuildPhase section */
		63971E1B1C4B46A700E3786E /* Frameworks */ = {
			isa = PBXFrameworksBuildPhase;
			buildActionMask = 2147483647;
			files = (
			);
			runOnlyForDeploymentPostprocessing = 0;
		};
/* End PBXFrameworksBuildPhase section */

/* Begin PBXGroup section */
		63971E151C4B46A700E3786E = {
			isa = PBXGroup;
			children = (
				63971E461C51F6EE00E3786E /* SKTUtils */,
				63971E201C4B46A700E3786E /* InterfaceControls */,
				63971E1F1C4B46A700E3786E /* Products */,
			);
			sourceTree = "<group>";
		};
		63971E1F1C4B46A700E3786E /* Products */ = {
			isa = PBXGroup;
			children = (
				63971E1E1C4B46A700E3786E /* InterfaceControls.app */,
			);
			name = Products;
			sourceTree = "<group>";
		};
		63971E201C4B46A700E3786E /* InterfaceControls */ = {
			isa = PBXGroup;
			children = (
				63971E371C4B49E000E3786E /* Utils */,
				63971E3B1C4B4B6200E3786E /* Resources */,
				63971E3F1C4B561C00E3786E /* Controls */,
				63971E691C5AD11400E3786E /* GameScene.swift */,
				63971E251C4B46A700E3786E /* GameViewController.swift */,
				63971E351C4B48BC00E3786E /* Supporting Files */,
			);
			path = InterfaceControls;
			sourceTree = "<group>";
		};
		63971E351C4B48BC00E3786E /* Supporting Files */ = {
			isa = PBXGroup;
			children = (
				63971E271C4B46A700E3786E /* Main.storyboard */,
				63971E2C1C4B46A700E3786E /* LaunchScreen.storyboard */,
				63971E2F1C4B46A700E3786E /* Info.plist */,
			);
			name = "Supporting Files";
			sourceTree = "<group>";
		};
		63971E371C4B49E000E3786E /* Utils */ = {
			isa = PBXGroup;
			children = (
				63971E211C4B46A700E3786E /* AppDelegate.swift */,
			);
			name = Utils;
			sourceTree = "<group>";
		};
		63971E3F1C4B561C00E3786E /* Controls */ = {
			isa = PBXGroup;
			children = (
				63971E651C51FA4100E3786E /* Utility.swift */,
				63971E401C4B561C00E3786E /* ImageSelectBox.swift */,
				63971E441C4B635100E3786E /* Key.swift */,
				63971E411C4B561C00E3786E /* Keyboard.swift */,
				63971E671C51FCEC00E3786E /* TextInputBox.swift */,
			);
			path = Controls;
			sourceTree = "<group>";
		};
		63971E461C51F6EE00E3786E /* SKTUtils */ = {
			isa = PBXGroup;
			children = (
				63971E471C51F6EE00E3786E /* CGFloat+Extensions.swift */,
				63971E481C51F6EE00E3786E /* CGPoint+Extensions.swift */,
				63971E491C51F6EE00E3786E /* CGVector+Extensions.swift */,
				63971E4A1C51F6EE00E3786E /* Int+Extensions.swift */,
				63971E4B1C51F6EE00E3786E /* Reachability.swift */,
				63971E4C1C51F6EE00E3786E /* SKAction+Extensions.swift */,
				63971E4D1C51F6EE00E3786E /* SKAction+SpecialEffects.swift */,
				63971E4E1C51F6EE00E3786E /* SKColor+Extensions.swift */,
				63971E4F1C51F6EE00E3786E /* SKEmitterNode+Extensions.swift */,
				63971E501C51F6EE00E3786E /* SKNode+Extensions.swift */,
				63971E511C51F6EE00E3786E /* SKSpriteNode+Extensions.swift */,
				63971E521C51F6EE00E3786E /* SKTAudio.swift */,
				63971E531C51F6EE00E3786E /* SKTEffects.swift */,
				63971E541C51F6EE00E3786E /* SKTTimingFunctions.swift */,
				63971E551C51F6EE00E3786E /* Vector3.swift */,
			);
			path = SKTUtils;
			sourceTree = "<group>";
		};
/* End PBXGroup section */

/* Begin PBXNativeTarget section */
		63971E1D1C4B46A700E3786E /* InterfaceControls */ = {
			isa = PBXNativeTarget;
			buildConfigurationList = 63971E321C4B46A700E3786E /* Build configuration list for PBXNativeTarget "InterfaceControls" */;
			buildPhases = (
				63971E1A1C4B46A700E3786E /* Sources */,
				63971E1B1C4B46A700E3786E /* Frameworks */,
				63971E1C1C4B46A700E3786E /* Resources */,
			);
			buildRules = (
			);
			dependencies = (
			);
			name = InterfaceControls;
			productName = InterfaceControls;
			productReference = 63971E1E1C4B46A700E3786E /* InterfaceControls.app */;
			productType = "com.apple.product-type.application";
		};
/* End PBXNativeTarget section */

/* Begin PBXProject section */
		63971E161C4B46A700E3786E /* Project object */ = {
			isa = PBXProject;
			attributes = {
				LastSwiftUpdateCheck = 0720;
				LastUpgradeCheck = 0720;
				ORGANIZATIONNAME = "Orange Think Box";
				TargetAttributes = {
					63971E1D1C4B46A700E3786E = {
						CreatedOnToolsVersion = 7.2;
						DevelopmentTeam = LU8XR8Y9JS;
					};
				};
			};
			buildConfigurationList = 63971E191C4B46A700E3786E /* Build configuration list for PBXProject "InterfaceControls" */;
			compatibilityVersion = "Xcode 3.2";
			developmentRegion = English;
			hasScannedForEncodings = 0;
			knownRegions = (
				en,
				Base,
			);
			mainGroup = 63971E151C4B46A700E3786E;
			productRefGroup = 63971E1F1C4B46A700E3786E /* Products */;
			projectDirPath = "";
			projectRoot = "";
			targets = (
				63971E1D1C4B46A700E3786E /* InterfaceControls */,
			);
		};
/* End PBXProject section */

/* Begin PBXResourcesBuildPhase section */
		63971E1C1C4B46A700E3786E /* Resources */ = {
			isa = PBXResourcesBuildPhase;
			buildActionMask = 2147483647;
			files = (
				63971E2E1C4B46A700E3786E /* LaunchScreen.storyboard in Resources */,
				63971E291C4B46A700E3786E /* Main.storyboard in Resources */,
				63971E3C1C4B4B6200E3786E /* Resources in Resources */,
			);
			runOnlyForDeploymentPostprocessing = 0;
		};
/* End PBXResourcesBuildPhase section */

/* Begin PBXSourcesBuildPhase section */
		63971E1A1C4B46A700E3786E /* Sources */ = {
			isa = PBXSourcesBuildPhase;
			buildActionMask = 2147483647;
			files = (
				63971E571C51F6EE00E3786E /* CGPoint+Extensions.swift in Sources */,
				63971E261C4B46A700E3786E /* GameViewController.swift in Sources */,
				63971E631C51F6EE00E3786E /* SKTTimingFunctions.swift in Sources */,
				63971E5F1C51F6EE00E3786E /* SKNode+Extensions.swift in Sources */,
				63971E451C4B635100E3786E /* Key.swift in Sources */,
				63971E591C51F6EE00E3786E /* Int+Extensions.swift in Sources */,
				63971E421C4B561C00E3786E /* ImageSelectBox.swift in Sources */,
				63971E681C51FCEC00E3786E /* TextInputBox.swift in Sources */,
				63971E611C51F6EE00E3786E /* SKTAudio.swift in Sources */,
				63971E621C51F6EE00E3786E /* SKTEffects.swift in Sources */,
				63971E581C51F6EE00E3786E /* CGVector+Extensions.swift in Sources */,
				63971E5E1C51F6EE00E3786E /* SKEmitterNode+Extensions.swift in Sources */,
				63971E431C4B561C00E3786E /* Keyboard.swift in Sources */,
				63971E5B1C51F6EE00E3786E /* SKAction+Extensions.swift in Sources */,
				63971E5C1C51F6EE00E3786E /* SKAction+SpecialEffects.swift in Sources */,
				63971E661C51FA4100E3786E /* Utility.swift in Sources */,
				63971E561C51F6EE00E3786E /* CGFloat+Extensions.swift in Sources */,
				63971E6A1C5AD11400E3786E /* GameScene.swift in Sources */,
				63971E5A1C51F6EE00E3786E /* Reachability.swift in Sources */,
				63971E221C4B46A700E3786E /* AppDelegate.swift in Sources */,
				63971E601C51F6EE00E3786E /* SKSpriteNode+Extensions.swift in Sources */,
				63971E641C51F6EE00E3786E /* Vector3.swift in Sources */,
				63971E5D1C51F6EE00E3786E /* SKColor+Extensions.swift in Sources */,
			);
			runOnlyForDeploymentPostprocessing = 0;
		};
/* End PBXSourcesBuildPhase section */

/* Begin PBXVariantGroup section */
		63971E271C4B46A700E3786E /* Main.storyboard */ = {
			isa = PBXVariantGroup;
			children = (
				63971E281C4B46A700E3786E /* Base */,
			);
			name = Main.storyboard;
			sourceTree = "<group>";
		};
		63971E2C1C4B46A700E3786E /* LaunchScreen.storyboard */ = {
			isa = PBXVariantGroup;
			children = (
				63971E2D1C4B46A700E3786E /* Base */,
			);
			name = LaunchScreen.storyboard;
			sourceTree = "<group>";
		};
/* End PBXVariantGroup section */

/* Begin XCBuildConfiguration section */
		63971E301C4B46A700E3786E /* Debug */ = {
			isa = XCBuildConfiguration;
			buildSettings = {
				ALWAYS_SEARCH_USER_PATHS = NO;
				CLANG_CXX_LANGUAGE_STANDARD = "gnu++0x";
				CLANG_CXX_LIBRARY = "libc++";
				CLANG_ENABLE_MODULES = YES;
				CLANG_ENABLE_OBJC_ARC = YES;
				CLANG_WARN_BOOL_CONVERSION = YES;
				CLANG_WARN_CONSTANT_CONVERSION = YES;
				CLANG_WARN_DIRECT_OBJC_ISA_USAGE = YES_ERROR;
				CLANG_WARN_EMPTY_BODY = YES;
				CLANG_WARN_ENUM_CONVERSION = YES;
				CLANG_WARN_INT_CONVERSION = YES;
				CLANG_WARN_OBJC_ROOT_CLASS = YES_ERROR;
				CLANG_WARN_UNREACHABLE_CODE = YES;
				CLANG_WARN__DUPLICATE_METHOD_MATCH = YES;
				"CODE_SIGN_IDENTITY[sdk=iphoneos*]" = "iPhone Developer";
				COPY_PHASE_STRIP = NO;
				DEBUG_INFORMATION_FORMAT = "dwarf-with-dsym";
				ENABLE_STRICT_OBJC_MSGSEND = YES;
				ENABLE_TESTABILITY = YES;
				GCC_C_LANGUAGE_STANDARD = gnu99;
				GCC_DYNAMIC_NO_PIC = NO;
				GCC_NO_COMMON_BLOCKS = YES;
				GCC_OPTIMIZATION_LEVEL = 0;
				GCC_PREPROCESSOR_DEFINITIONS = (
					"DEBUG=1",
					"$(inherited)",
				);
				GCC_WARN_64_TO_32_BIT_CONVERSION = YES;
				GCC_WARN_ABOUT_RETURN_TYPE = YES_ERROR;
				GCC_WARN_UNDECLARED_SELECTOR = YES;
				GCC_WARN_UNINITIALIZED_AUTOS = YES_AGGRESSIVE;
				GCC_WARN_UNUSED_FUNCTION = YES;
				GCC_WARN_UNUSED_VARIABLE = YES;
				IPHONEOS_DEPLOYMENT_TARGET = 9.2;
				MTL_ENABLE_DEBUG_INFO = YES;
				ONLY_ACTIVE_ARCH = YES;
				SDKROOT = iphoneos;
				SWIFT_OPTIMIZATION_LEVEL = "-Onone";
				TARGETED_DEVICE_FAMILY = "1,2";
			};
			name = Debug;
		};
		63971E311C4B46A700E3786E /* Release */ = {
			isa = XCBuildConfiguration;
			buildSettings = {
				ALWAYS_SEARCH_USER_PATHS = NO;
				CLANG_CXX_LANGUAGE_STANDARD = "gnu++0x";
				CLANG_CXX_LIBRARY = "libc++";
				CLANG_ENABLE_MODULES = YES;
				CLANG_ENABLE_OBJC_ARC = YES;
				CLANG_WARN_BOOL_CONVERSION = YES;
				CLANG_WARN_CONSTANT_CONVERSION = YES;
				CLANG_WARN_DIRECT_OBJC_ISA_USAGE = YES_ERROR;
				CLANG_WARN_EMPTY_BODY = YES;
				CLANG_WARN_ENUM_CONVERSION = YES;
				CLANG_WARN_INT_CONVERSION = YES;
				CLANG_WARN_OBJC_ROOT_CLASS = YES_ERROR;
				CLANG_WARN_UNREACHABLE_CODE = YES;
				CLANG_WARN__DUPLICATE_METHOD_MATCH = YES;
				"CODE_SIGN_IDENTITY[sdk=iphoneos*]" = "iPhone Developer";
				COPY_PHASE_STRIP = NO;
				DEBUG_INFORMATION_FORMAT = "dwarf-with-dsym";
				ENABLE_NS_ASSERTIONS = NO;
				ENABLE_STRICT_OBJC_MSGSEND = YES;
				GCC_C_LANGUAGE_STANDARD = gnu99;
				GCC_NO_COMMON_BLOCKS = YES;
				GCC_WARN_64_TO_32_BIT_CONVERSION = YES;
				GCC_WARN_ABOUT_RETURN_TYPE = YES_ERROR;
				GCC_WARN_UNDECLARED_SELECTOR = YES;
				GCC_WARN_UNINITIALIZED_AUTOS = YES_AGGRESSIVE;
				GCC_WARN_UNUSED_FUNCTION = YES;
				GCC_WARN_UNUSED_VARIABLE = YES;
				IPHONEOS_DEPLOYMENT_TARGET = 9.2;
				MTL_ENABLE_DEBUG_INFO = NO;
				SDKROOT = iphoneos;
				TARGETED_DEVICE_FAMILY = "1,2";
				VALIDATE_PRODUCT = YES;
			};
			name = Release;
		};
		63971E331C4B46A700E3786E /* Debug */ = {
			isa = XCBuildConfiguration;
			buildSettings = {
				ASSETCATALOG_COMPILER_APPICON_NAME = AppIcon;
				CODE_SIGN_IDENTITY = "iPhone Developer";
				"CODE_SIGN_IDENTITY[sdk=iphoneos*]" = "iPhone Developer";
				INFOPLIST_FILE = InterfaceControls/Info.plist;
				LD_RUNPATH_SEARCH_PATHS = "$(inherited) @executable_path/Frameworks";
				PRODUCT_BUNDLE_IDENTIFIER = com.orangethinkbox.InterfaceControls;
				PRODUCT_NAME = "$(TARGET_NAME)";
				PROVISIONING_PROFILE = "";
			};
			name = Debug;
		};
		63971E341C4B46A700E3786E /* Release */ = {
			isa = XCBuildConfiguration;
			buildSettings = {
				ASSETCATALOG_COMPILER_APPICON_NAME = AppIcon;
				CODE_SIGN_IDENTITY = "iPhone Developer";
				"CODE_SIGN_IDENTITY[sdk=iphoneos*]" = "iPhone Developer";
				INFOPLIST_FILE = InterfaceControls/Info.plist;
				LD_RUNPATH_SEARCH_PATHS = "$(inherited) @executable_path/Frameworks";
				PRODUCT_BUNDLE_IDENTIFIER = com.orangethinkbox.InterfaceControls;
				PRODUCT_NAME = "$(TARGET_NAME)";
				PROVISIONING_PROFILE = "";
			};
			name = Release;
		};
/* End XCBuildConfiguration section */

/* Begin XCConfigurationList section */
		63971E191C4B46A700E3786E /* Build configuration list for PBXProject "InterfaceControls" */ = {
			isa = XCConfigurationList;
			buildConfigurations = (
				63971E301C4B46A700E3786E /* Debug */,
				63971E311C4B46A700E3786E /* Release */,
			);
			defaultConfigurationIsVisible = 0;
			defaultConfigurationName = Release;
		};
		63971E321C4B46A700E3786E /* Build configuration list for PBXNativeTarget "InterfaceControls" */ = {
			isa = XCConfigurationList;
			buildConfigurations = (
				63971E331C4B46A700E3786E /* Debug */,
				63971E341C4B46A700E3786E /* Release */,
			);
			defaultConfigurationIsVisible = 0;
			defaultConfigurationName = Release;
		};
/* End XCConfigurationList section */
	};
	rootObject = 63971E161C4B46A700E3786E /* Project object */;
}
